// !$*UTF8*$!
{
	archiveVersion = 1;
	classes = {
	};
	objectVersion = 46;
	objects = {

/* Begin PBXBuildFile section */
		9CAECE22199179CF002BD4AA /* TopMenuView.xib in Resources */ = {isa = PBXBuildFile; fileRef = 9CAECE21199179CF002BD4AA /* TopMenuView.xib */; };
		9CAECE2519917ADE002BD4AA /* TopMenuView.m in Sources */ = {isa = PBXBuildFile; fileRef = 9CAECE2419917ADE002BD4AA /* TopMenuView.m */; };
		9CCB54AB1990286300489D68 /* Foundation.framework in Frameworks */ = {isa = PBXBuildFile; fileRef = 9CCB54AA1990286300489D68 /* Foundation.framework */; };
		9CCB54AD1990286300489D68 /* CoreGraphics.framework in Frameworks */ = {isa = PBXBuildFile; fileRef = 9CCB54AC1990286300489D68 /* CoreGraphics.framework */; };
		9CCB54AF1990286300489D68 /* UIKit.framework in Frameworks */ = {isa = PBXBuildFile; fileRef = 9CCB54AE1990286300489D68 /* UIKit.framework */; };
		9CCB54B51990286300489D68 /* InfoPlist.strings in Resources */ = {isa = PBXBuildFile; fileRef = 9CCB54B31990286300489D68 /* InfoPlist.strings */; };
		9CCB54B71990286300489D68 /* main.m in Sources */ = {isa = PBXBuildFile; fileRef = 9CCB54B61990286300489D68 /* main.m */; };
		9CCB54BB1990286300489D68 /* AppDelegate.m in Sources */ = {isa = PBXBuildFile; fileRef = 9CCB54BA1990286300489D68 /* AppDelegate.m */; };
		9CCB54BE1990286300489D68 /* Main.storyboard in Resources */ = {isa = PBXBuildFile; fileRef = 9CCB54BC1990286300489D68 /* Main.storyboard */; };
		9CCB54C11990286300489D68 /* ViewController.m in Sources */ = {isa = PBXBuildFile; fileRef = 9CCB54C01990286300489D68 /* ViewController.m */; };
		9CCB54C31990286300489D68 /* Images.xcassets in Resources */ = {isa = PBXBuildFile; fileRef = 9CCB54C21990286300489D68 /* Images.xcassets */; };
		9CCB54CA1990286300489D68 /* XCTest.framework in Frameworks */ = {isa = PBXBuildFile; fileRef = 9CCB54C91990286300489D68 /* XCTest.framework */; };
		9CCB54CB1990286300489D68 /* Foundation.framework in Frameworks */ = {isa = PBXBuildFile; fileRef = 9CCB54AA1990286300489D68 /* Foundation.framework */; };
		9CCB54CC1990286300489D68 /* UIKit.framework in Frameworks */ = {isa = PBXBuildFile; fileRef = 9CCB54AE1990286300489D68 /* UIKit.framework */; };
		9CCB54D41990286300489D68 /* InfoPlist.strings in Resources */ = {isa = PBXBuildFile; fileRef = 9CCB54D21990286300489D68 /* InfoPlist.strings */; };
		9CCB54D61990286300489D68 /* sideMenu2Tests.m in Sources */ = {isa = PBXBuildFile; fileRef = 9CCB54D51990286300489D68 /* sideMenu2Tests.m */; };
		9CCB54E019902DB800489D68 /* MenuView.xib in Resources */ = {isa = PBXBuildFile; fileRef = 9CCB54DF19902DB800489D68 /* MenuView.xib */; };
		9CCB54E319902E1600489D68 /* MenuView.m in Sources */ = {isa = PBXBuildFile; fileRef = 9CCB54E219902E1600489D68 /* MenuView.m */; };
/* End PBXBuildFile section */

/* Begin PBXContainerItemProxy section */
		9CCB54CD1990286300489D68 /* PBXContainerItemProxy */ = {
			isa = PBXContainerItemProxy;
			containerPortal = 9CCB549F1990286300489D68 /* Project object */;
			proxyType = 1;
			remoteGlobalIDString = 9CCB54A61990286300489D68;
			remoteInfo = sideMenu2;
		};
/* End PBXContainerItemProxy section */

/* Begin PBXFileReference section */
		9CAECE21199179CF002BD4AA /* TopMenuView.xib */ = {isa = PBXFileReference; fileEncoding = 4; lastKnownFileType = file.xib; path = TopMenuView.xib; sourceTree = "<group>"; };
		9CAECE2319917ADE002BD4AA /* TopMenuView.h */ = {isa = PBXFileReference; fileEncoding = 4; lastKnownFileType = sourcecode.c.h; path = TopMenuView.h; sourceTree = "<group>"; };
		9CAECE2419917ADE002BD4AA /* TopMenuView.m */ = {isa = PBXFileReference; fileEncoding = 4; lastKnownFileType = sourcecode.c.objc; path = TopMenuView.m; sourceTree = "<group>"; };
		9CCB54A71990286300489D68 /* sideMenu2.app */ = {isa = PBXFileReference; explicitFileType = wrapper.application; includeInIndex = 0; path = sideMenu2.app; sourceTree = BUILT_PRODUCTS_DIR; };
		9CCB54AA1990286300489D68 /* Foundation.framework */ = {isa = PBXFileReference; lastKnownFileType = wrapper.framework; name = Foundation.framework; path = System/Library/Frameworks/Foundation.framework; sourceTree = SDKROOT; };
		9CCB54AC1990286300489D68 /* CoreGraphics.framework */ = {isa = PBXFileReference; lastKnownFileType = wrapper.framework; name = CoreGraphics.framework; path = System/Library/Frameworks/CoreGraphics.framework; sourceTree = SDKROOT; };
		9CCB54AE1990286300489D68 /* UIKit.framework */ = {isa = PBXFileReference; lastKnownFileType = wrapper.framework; name = UIKit.framework; path = System/Library/Frameworks/UIKit.framework; sourceTree = SDKROOT; };
		9CCB54B21990286300489D68 /* sideMenu2-Info.plist */ = {isa = PBXFileReference; lastKnownFileType = text.plist.xml; path = "sideMenu2-Info.plist"; sourceTree = "<group>"; };
		9CCB54B41990286300489D68 /* en */ = {isa = PBXFileReference; lastKnownFileType = text.plist.strings; name = en; path = en.lproj/InfoPlist.strings; sourceTree = "<group>"; };
		9CCB54B61990286300489D68 /* main.m */ = {isa = PBXFileReference; lastKnownFileType = sourcecode.c.objc; path = main.m; sourceTree = "<group>"; };
		9CCB54B81990286300489D68 /* sideMenu2-Prefix.pch */ = {isa = PBXFileReference; lastKnownFileType = sourcecode.c.h; path = "sideMenu2-Prefix.pch"; sourceTree = "<group>"; };
		9CCB54B91990286300489D68 /* AppDelegate.h */ = {isa = PBXFileReference; lastKnownFileType = sourcecode.c.h; path = AppDelegate.h; sourceTree = "<group>"; };
		9CCB54BA1990286300489D68 /* AppDelegate.m */ = {isa = PBXFileReference; lastKnownFileType = sourcecode.c.objc; path = AppDelegate.m; sourceTree = "<group>"; };
		9CCB54BD1990286300489D68 /* Base */ = {isa = PBXFileReference; lastKnownFileType = file.storyboard; name = Base; path = Base.lproj/Main.storyboard; sourceTree = "<group>"; };
		9CCB54BF1990286300489D68 /* ViewController.h */ = {isa = PBXFileReference; lastKnownFileType = sourcecode.c.h; path = ViewController.h; sourceTree = "<group>"; };
		9CCB54C01990286300489D68 /* ViewController.m */ = {isa = PBXFileReference; lastKnownFileType = sourcecode.c.objc; path = ViewController.m; sourceTree = "<group>"; };
		9CCB54C21990286300489D68 /* Images.xcassets */ = {isa = PBXFileReference; lastKnownFileType = folder.assetcatalog; path = Images.xcassets; sourceTree = "<group>"; };
		9CCB54C81990286300489D68 /* sideMenu2Tests.xctest */ = {isa = PBXFileReference; explicitFileType = wrapper.cfbundle; includeInIndex = 0; path = sideMenu2Tests.xctest; sourceTree = BUILT_PRODUCTS_DIR; };
		9CCB54C91990286300489D68 /* XCTest.framework */ = {isa = PBXFileReference; lastKnownFileType = wrapper.framework; name = XCTest.framework; path = Library/Frameworks/XCTest.framework; sourceTree = DEVELOPER_DIR; };
		9CCB54D11990286300489D68 /* sideMenu2Tests-Info.plist */ = {isa = PBXFileReference; lastKnownFileType = text.plist.xml; path = "sideMenu2Tests-Info.plist"; sourceTree = "<group>"; };
		9CCB54D31990286300489D68 /* en */ = {isa = PBXFileReference; lastKnownFileType = text.plist.strings; name = en; path = en.lproj/InfoPlist.strings; sourceTree = "<group>"; };
		9CCB54D51990286300489D68 /* sideMenu2Tests.m */ = {isa = PBXFileReference; lastKnownFileType = sourcecode.c.objc; path = sideMenu2Tests.m; sourceTree = "<group>"; };
		9CCB54DF19902DB800489D68 /* MenuView.xib */ = {isa = PBXFileReference; fileEncoding = 4; lastKnownFileType = file.xib; path = MenuView.xib; sourceTree = "<group>"; };
		9CCB54E119902E1600489D68 /* MenuView.h */ = {isa = PBXFileReference; fileEncoding = 4; lastKnownFileType = sourcecode.c.h; path = MenuView.h; sourceTree = "<group>"; };
		9CCB54E219902E1600489D68 /* MenuView.m */ = {isa = PBXFileReference; fileEncoding = 4; lastKnownFileType = sourcecode.c.objc; path = MenuView.m; sourceTree = "<group>"; };
/* End PBXFileReference section */

/* Begin PBXFrameworksBuildPhase section */
		9CCB54A41990286300489D68 /* Frameworks */ = {
			isa = PBXFrameworksBuildPhase;
			buildActionMask = 2147483647;
			files = (
				9CCB54AD1990286300489D68 /* CoreGraphics.framework in Frameworks */,
				9CCB54AF1990286300489D68 /* UIKit.framework in Frameworks */,
				9CCB54AB1990286300489D68 /* Foundation.framework in Frameworks */,
			);
			runOnlyForDeploymentPostprocessing = 0;
		};
		9CCB54C51990286300489D68 /* Frameworks */ = {
			isa = PBXFrameworksBuildPhase;
			buildActionMask = 2147483647;
			files = (
				9CCB54CA1990286300489D68 /* XCTest.framework in Frameworks */,
				9CCB54CC1990286300489D68 /* UIKit.framework in Frameworks */,
				9CCB54CB1990286300489D68 /* Foundation.framework in Frameworks */,
			);
			runOnlyForDeploymentPostprocessing = 0;
		};
/* End PBXFrameworksBuildPhase section */

/* Begin PBXGroup section */
		9CCB549E1990286300489D68 = {
			isa = PBXGroup;
			children = (
				9CCB54B01990286300489D68 /* sideMenu2 */,
				9CCB54CF1990286300489D68 /* sideMenu2Tests */,
				9CCB54A91990286300489D68 /* Frameworks */,
				9CCB54A81990286300489D68 /* Products */,
			);
			sourceTree = "<group>";
		};
		9CCB54A81990286300489D68 /* Products */ = {
			isa = PBXGroup;
			children = (
				9CCB54A71990286300489D68 /* sideMenu2.app */,
				9CCB54C81990286300489D68 /* sideMenu2Tests.xctest */,
			);
			name = Products;
			sourceTree = "<group>";
		};
		9CCB54A91990286300489D68 /* Frameworks */ = {
			isa = PBXGroup;
			children = (
				9CCB54AA1990286300489D68 /* Foundation.framework */,
				9CCB54AC1990286300489D68 /* CoreGraphics.framework */,
				9CCB54AE1990286300489D68 /* UIKit.framework */,
				9CCB54C91990286300489D68 /* XCTest.framework */,
			);
			name = Frameworks;
			sourceTree = "<group>";
		};
		9CCB54B01990286300489D68 /* sideMenu2 */ = {
			isa = PBXGroup;
			children = (
				9CFB64E819927E6000D01480 /* Root */,
				9CFB64E719927E4300D01480 /* Controllers */,
				9CFB64E619927E2600D01480 /* Views */,
				9CCB54C21990286300489D68 /* Images.xcassets */,
				9CCB54B11990286300489D68 /* Supporting Files */,
			);
			path = sideMenu2;
			sourceTree = "<group>";
		};
		9CCB54B11990286300489D68 /* Supporting Files */ = {
			isa = PBXGroup;
			children = (
				9CCB54B21990286300489D68 /* sideMenu2-Info.plist */,
				9CCB54B31990286300489D68 /* InfoPlist.strings */,
				9CCB54B61990286300489D68 /* main.m */,
				9CCB54B81990286300489D68 /* sideMenu2-Prefix.pch */,
			);
			name = "Supporting Files";
			sourceTree = "<group>";
		};
		9CCB54CF1990286300489D68 /* sideMenu2Tests */ = {
			isa = PBXGroup;
			children = (
				9CCB54D51990286300489D68 /* sideMenu2Tests.m */,
				9CCB54D01990286300489D68 /* Supporting Files */,
			);
			path = sideMenu2Tests;
			sourceTree = "<group>";
		};
		9CCB54D01990286300489D68 /* Supporting Files */ = {
			isa = PBXGroup;
			children = (
				9CCB54D11990286300489D68 /* sideMenu2Tests-Info.plist */,
				9CCB54D21990286300489D68 /* InfoPlist.strings */,
			);
			name = "Supporting Files";
			sourceTree = "<group>";
		};
		9CFB64E619927E2600D01480 /* Views */ = {
			isa = PBXGroup;
			children = (
				9CCB54BC1990286300489D68 /* Main.storyboard */,
				9CAECE21199179CF002BD4AA /* TopMenuView.xib */,
				9CCB54DF19902DB800489D68 /* MenuView.xib */,
			);
			name = Views;
			sourceTree = "<group>";
		};
		9CFB64E719927E4300D01480 /* Controllers */ = {
			isa = PBXGroup;
			children = (
				9CCB54BF1990286300489D68 /* ViewController.h */,
				9CCB54C01990286300489D68 /* ViewController.m */,
				9CCB54E119902E1600489D68 /* MenuView.h */,
				9CCB54E219902E1600489D68 /* MenuView.m */,
				9CAECE2319917ADE002BD4AA /* TopMenuView.h */,
				9CAECE2419917ADE002BD4AA /* TopMenuView.m */,
			);
			name = Controllers;
			sourceTree = "<group>";
		};
		9CFB64E819927E6000D01480 /* Root */ = {
			isa = PBXGroup;
			children = (
				9CCB54B91990286300489D68 /* AppDelegate.h */,
				9CCB54BA1990286300489D68 /* AppDelegate.m */,
			);
			name = Root;
			sourceTree = "<group>";
		};
/* End PBXGroup section */

/* Begin PBXNativeTarget section */
		9CCB54A61990286300489D68 /* sideMenu2 */ = {
			isa = PBXNativeTarget;
			buildConfigurationList = 9CCB54D91990286300489D68 /* Build configuration list for PBXNativeTarget "sideMenu2" */;
			buildPhases = (
				9CCB54A31990286300489D68 /* Sources */,
				9CCB54A41990286300489D68 /* Frameworks */,
				9CCB54A51990286300489D68 /* Resources */,
			);
			buildRules = (
			);
			dependencies = (
			);
			name = sideMenu2;
			productName = sideMenu2;
			productReference = 9CCB54A71990286300489D68 /* sideMenu2.app */;
			productType = "com.apple.product-type.application";
		};
		9CCB54C71990286300489D68 /* sideMenu2Tests */ = {
			isa = PBXNativeTarget;
			buildConfigurationList = 9CCB54DC1990286300489D68 /* Build configuration list for PBXNativeTarget "sideMenu2Tests" */;
			buildPhases = (
				9CCB54C41990286300489D68 /* Sources */,
				9CCB54C51990286300489D68 /* Frameworks */,
				9CCB54C61990286300489D68 /* Resources */,
			);
			buildRules = (
			);
			dependencies = (
				9CCB54CE1990286300489D68 /* PBXTargetDependency */,
			);
			name = sideMenu2Tests;
			productName = sideMenu2Tests;
			productReference = 9CCB54C81990286300489D68 /* sideMenu2Tests.xctest */;
			productType = "com.apple.product-type.bundle.unit-test";
		};
/* End PBXNativeTarget section */

/* Begin PBXProject section */
		9CCB549F1990286300489D68 /* Project object */ = {
			isa = PBXProject;
			attributes = {
				LastUpgradeCheck = 0510;
				ORGANIZATIONNAME = "Marcelo Sampaio";
				TargetAttributes = {
					9CCB54C71990286300489D68 = {
						TestTargetID = 9CCB54A61990286300489D68;
					};
				};
			};
			buildConfigurationList = 9CCB54A21990286300489D68 /* Build configuration list for PBXProject "sideMenu2" */;
			compatibilityVersion = "Xcode 3.2";
			developmentRegion = English;
			hasScannedForEncodings = 0;
			knownRegions = (
				en,
				Base,
			);
			mainGroup = 9CCB549E1990286300489D68;
			productRefGroup = 9CCB54A81990286300489D68 /* Products */;
			projectDirPath = "";
			projectRoot = "";
			targets = (
				9CCB54A61990286300489D68 /* sideMenu2 */,
				9CCB54C71990286300489D68 /* sideMenu2Tests */,
			);
		};
/* End PBXProject section */

/* Begin PBXResourcesBuildPhase section */
		9CCB54A51990286300489D68 /* Resources */ = {
			isa = PBXResourcesBuildPhase;
			buildActionMask = 2147483647;
			files = (
				9CCB54C31990286300489D68 /* Images.xcassets in Resources */,
				9CCB54E019902DB800489D68 /* MenuView.xib in Resources */,
				9CCB54B51990286300489D68 /* InfoPlist.strings in Resources */,
				9CCB54BE1990286300489D68 /* Main.storyboard in Resources */,
				9CAECE22199179CF002BD4AA /* TopMenuView.xib in Resources */,
			);
			runOnlyForDeploymentPostprocessing = 0;
		};
		9CCB54C61990286300489D68 /* Resources */ = {
			isa = PBXResourcesBuildPhase;
			buildActionMask = 2147483647;
			files = (
				9CCB54D41990286300489D68 /* InfoPlist.strings in Resources */,
			);
			runOnlyForDeploymentPostprocessing = 0;
		};
/* End PBXResourcesBuildPhase section */

/* Begin PBXSourcesBuildPhase section */
		9CCB54A31990286300489D68 /* Sources */ = {
			isa = PBXSourcesBuildPhase;
			buildActionMask = 2147483647;
			files = (
				9CCB54C11990286300489D68 /* ViewController.m in Sources */,
				9CCB54E319902E1600489D68 /* MenuView.m in Sources */,
				9CCB54BB1990286300489D68 /* AppDelegate.m in Sources */,
				9CCB54B71990286300489D68 /* main.m in Sources */,
				9CAECE2519917ADE002BD4AA /* TopMenuView.m in Sources */,
			);
			runOnlyForDeploymentPostprocessing = 0;
		};
		9CCB54C41990286300489D68 /* Sources */ = {
			isa = PBXSourcesBuildPhase;
			buildActionMask = 2147483647;
			files = (
				9CCB54D61990286300489D68 /* sideMenu2Tests.m in Sources */,
			);
			runOnlyForDeploymentPostprocessing = 0;
		};
/* End PBXSourcesBuildPhase section */

/* Begin PBXTargetDependency section */
		9CCB54CE1990286300489D68 /* PBXTargetDependency */ = {
			isa = PBXTargetDependency;
			target = 9CCB54A61990286300489D68 /* sideMenu2 */;
			targetProxy = 9CCB54CD1990286300489D68 /* PBXContainerItemProxy */;
		};
/* End PBXTargetDependency section */

/* Begin PBXVariantGroup section */
		9CCB54B31990286300489D68 /* InfoPlist.strings */ = {
			isa = PBXVariantGroup;
			children = (
				9CCB54B41990286300489D68 /* en */,
			);
			name = InfoPlist.strings;
			sourceTree = "<group>";
		};
		9CCB54BC1990286300489D68 /* Main.storyboard */ = {
			isa = PBXVariantGroup;
			children = (
				9CCB54BD1990286300489D68 /* Base */,
			);
			name = Main.storyboard;
			sourceTree = "<group>";
		};
		9CCB54D21990286300489D68 /* InfoPlist.strings */ = {
			isa = PBXVariantGroup;
			children = (
				9CCB54D31990286300489D68 /* en */,
			);
			name = InfoPlist.strings;
			sourceTree = "<group>";
		};
/* End PBXVariantGroup section */

/* Begin XCBuildConfiguration section */
		9CCB54D71990286300489D68 /* Debug */ = {
			isa = XCBuildConfiguration;
			buildSettings = {
				ALWAYS_SEARCH_USER_PATHS = NO;
				CLANG_CXX_LANGUAGE_STANDARD = "gnu++0x";
				CLANG_CXX_LIBRARY = "libc++";
				CLANG_ENABLE_MODULES = YES;
				CLANG_ENABLE_OBJC_ARC = YES;
				CLANG_WARN_BOOL_CONVERSION = YES;
				CLANG_WARN_CONSTANT_CONVERSION = YES;
				CLANG_WARN_DIRECT_OBJC_ISA_USAGE = YES_ERROR;
				CLANG_WARN_EMPTY_BODY = YES;
				CLANG_WARN_ENUM_CONVERSION = YES;
				CLANG_WARN_INT_CONVERSION = YES;
				CLANG_WARN_OBJC_ROOT_CLASS = YES_ERROR;
				CLANG_WARN__DUPLICATE_METHOD_MATCH = YES;
				"CODE_SIGN_IDENTITY[sdk=iphoneos*]" = "iPhone Developer";
				COPY_PHASE_STRIP = NO;
				GCC_C_LANGUAGE_STANDARD = gnu99;
				GCC_DYNAMIC_NO_PIC = NO;
				GCC_OPTIMIZATION_LEVEL = 0;
				GCC_PREPROCESSOR_DEFINITIONS = (
					"DEBUG=1",
					"$(inherited)",
				);
				GCC_SYMBOLS_PRIVATE_EXTERN = NO;
				GCC_WARN_64_TO_32_BIT_CONVERSION = YES;
				GCC_WARN_ABOUT_RETURN_TYPE = YES_ERROR;
				GCC_WARN_UNDECLARED_SELECTOR = YES;
				GCC_WARN_UNINITIALIZED_AUTOS = YES_AGGRESSIVE;
				GCC_WARN_UNUSED_FUNCTION = YES;
				GCC_WARN_UNUSED_VARIABLE = YES;
				IPHONEOS_DEPLOYMENT_TARGET = 7.1;
				ONLY_ACTIVE_ARCH = YES;
				SDKROOT = iphoneos;
			};
			name = Debug;
		};
		9CCB54D81990286300489D68 /* Release */ = {
			isa = XCBuildConfiguration;
			buildSettings = {
				ALWAYS_SEARCH_USER_PATHS = NO;
				CLANG_CXX_LANGUAGE_STANDARD = "gnu++0x";
				CLANG_CXX_LIBRARY = "libc++";
				CLANG_ENABLE_MODULES = YES;
				CLANG_ENABLE_OBJC_ARC = YES;
				CLANG_WARN_BOOL_CONVERSION = YES;
				CLANG_WARN_CONSTANT_CONVERSION = YES;
				CLANG_WARN_DIRECT_OBJC_ISA_USAGE = YES_ERROR;
				CLANG_WARN_EMPTY_BODY = YES;
				CLANG_WARN_ENUM_CONVERSION = YES;
				CLANG_WARN_INT_CONVERSION = YES;
				CLANG_WARN_OBJC_ROOT_CLASS = YES_ERROR;
				CLANG_WARN__DUPLICATE_METHOD_MATCH = YES;
				"CODE_SIGN_IDENTITY[sdk=iphoneos*]" = "iPhone Developer";
				COPY_PHASE_STRIP = YES;
				ENABLE_NS_ASSERTIONS = NO;
				GCC_C_LANGUAGE_STANDARD = gnu99;
				GCC_WARN_64_TO_32_BIT_CONVERSION = YES;
				GCC_WARN_ABOUT_RETURN_TYPE = YES_ERROR;
				GCC_WARN_UNDECLARED_SELECTOR = YES;
				GCC_WARN_UNINITIALIZED_AUTOS = YES_AGGRESSIVE;
				GCC_WARN_UNUSED_FUNCTION = YES;
				GCC_WARN_UNUSED_VARIABLE = YES;
				IPHONEOS_DEPLOYMENT_TARGET = 7.1;
				SDKROOT = iphoneos;
				VALIDATE_PRODUCT = YES;
			};
			name = Release;
		};
		9CCB54DA1990286300489D68 /* Debug */ = {
			isa = XCBuildConfiguration;
			buildSettings = {
				ASSETCATALOG_COMPILER_APPICON_NAME = AppIcon;
				ASSETCATALOG_COMPILER_LAUNCHIMAGE_NAME = LaunchImage;
				GCC_PRECOMPILE_PREFIX_HEADER = YES;
				GCC_PREFIX_HEADER = "sideMenu2/sideMenu2-Prefix.pch";
				INFOPLIST_FILE = "sideMenu2/sideMenu2-Info.plist";
				PRODUCT_NAME = "$(TARGET_NAME)";
				WRAPPER_EXTENSION = app;
			};
			name = Debug;
		};
		9CCB54DB1990286300489D68 /* Release */ = {
			isa = XCBuildConfiguration;
			buildSettings = {
				ASSETCATALOG_COMPILER_APPICON_NAME = AppIcon;
				ASSETCATALOG_COMPILER_LAUNCHIMAGE_NAME = LaunchImage;
				GCC_PRECOMPILE_PREFIX_HEADER = YES;
				GCC_PREFIX_HEADER = "sideMenu2/sideMenu2-Prefix.pch";
				INFOPLIST_FILE = "sideMenu2/sideMenu2-Info.plist";
				PRODUCT_NAME = "$(TARGET_NAME)";
				WRAPPER_EXTENSION = app;
			};
			name = Release;
		};
		9CCB54DD1990286300489D68 /* Debug */ = {
			isa = XCBuildConfiguration;
			buildSettings = {
				BUNDLE_LOADER = "$(BUILT_PRODUCTS_DIR)/sideMenu2.app/sideMenu2";
				FRAMEWORK_SEARCH_PATHS = (
					"$(SDKROOT)/Developer/Library/Frameworks",
					"$(inherited)",
					"$(DEVELOPER_FRAMEWORKS_DIR)",
				);
				GCC_PRECOMPILE_PREFIX_HEADER = YES;
				GCC_PREFIX_HEADER = "sideMenu2/sideMenu2-Prefix.pch";
				GCC_PREPROCESSOR_DEFINITIONS = (
					"DEBUG=1",
					"$(inherited)",
				);
				INFOPLIST_FILE = "sideMenu2Tests/sideMenu2Tests-Info.plist";
				PRODUCT_NAME = "$(TARGET_NAME)";
				TEST_HOST = "$(BUNDLE_LOADER)";
				WRAPPER_EXTENSION = xctest;
			};
			name = Debug;
		};
		9CCB54DE1990286300489D68 /* Release */ = {
			isa = XCBuildConfiguration;
			buildSettings = {
				BUNDLE_LOADER = "$(BUILT_PRODUCTS_DIR)/sideMenu2.app/sideMenu2";
				FRAMEWORK_SEARCH_PATHS = (
					"$(SDKROOT)/Developer/Library/Frameworks",
					"$(inherited)",
					"$(DEVELOPER_FRAMEWORKS_DIR)",
				);
				GCC_PRECOMPILE_PREFIX_HEADER = YES;
				GCC_PREFIX_HEADER = "sideMenu2/sideMenu2-Prefix.pch";
				INFOPLIST_FILE = "sideMenu2Tests/sideMenu2Tests-Info.plist";
				PRODUCT_NAME = "$(TARGET_NAME)";
				TEST_HOST = "$(BUNDLE_LOADER)";
				WRAPPER_EXTENSION = xctest;
			};
			name = Release;
		};
/* End XCBuildConfiguration section */

/* Begin XCConfigurationList section */
		9CCB54A21990286300489D68 /* Build configuration list for PBXProject "sideMenu2" */ = {
			isa = XCConfigurationList;
			buildConfigurations = (
				9CCB54D71990286300489D68 /* Debug */,
				9CCB54D81990286300489D68 /* Release */,
			);
			defaultConfigurationIsVisible = 0;
			defaultConfigurationName = Release;
		};
		9CCB54D91990286300489D68 /* Build configuration list for PBXNativeTarget "sideMenu2" */ = {
			isa = XCConfigurationList;
			buildConfigurations = (
				9CCB54DA1990286300489D68 /* Debug */,
				9CCB54DB1990286300489D68 /* Release */,
			);
			defaultConfigurationIsVisible = 0;
			defaultConfigurationName = Release;
		};
		9CCB54DC1990286300489D68 /* Build configuration list for PBXNativeTarget "sideMenu2Tests" */ = {
			isa = XCConfigurationList;
			buildConfigurations = (
				9CCB54DD1990286300489D68 /* Debug */,
				9CCB54DE1990286300489D68 /* Release */,
			);
			defaultConfigurationIsVisible = 0;
			defaultConfigurationName = Release;
		};
/* End XCConfigurationList section */
	};
	rootObject = 9CCB549F1990286300489D68 /* Project object */;
}
